# This file is automatically @generated by Poetry 1.7.1 and should not be changed by hand.

[[package]]
name = "robotframework"
version = "5.0.1"
description = "Generic automation framework for acceptance testing and robotic process automation (RPA)"
optional = false
python-versions = ">=3.6"
files = [
    {file = "robotframework-5.0.1-py3-none-any.whl", hash = "sha256:2d2072cf9ec807e820bf27e5f71240e715e37691c9ba930a59a71d5c0fd61998"},
    {file = "robotframework-5.0.1.zip", hash = "sha256:cf5dc59777ed9d8c3e1e91fb4403454890242867735681f22f4f22dbb2a20fc8"},
]

[metadata]
lock-version = "2.0"
python-versions = "^3.8"
content-hash = "8781efbe1d609fa3ad8067c7db2a8fdc30f9e84b23c4d06e0ebc232e7561051b"
