# This file is automatically @generated by Poetry 1.7.1 and should not be changed by hand.

[[package]]
name = "robotframework"
version = "6.1.1"
description = "Generic automation framework for acceptance testing and robotic process automation (RPA)"
optional = false
python-versions = ">=3.6"
files = [
    {file = "robotframework-6.1.1-py3-none-any.whl", hash = "sha256:ee0d512d557e72ed760dd075525f6226baaab309010a48f9c9bf1f416ca434f7"},
    {file = "robotframework-6.1.1.zip", hash = "sha256:3fa18f2596a4df2418c4b59abf43248327c15ed38ad8665f6a9a9c75c95d7789"},
]

[metadata]
lock-version = "2.0"
python-versions = "^3.8"
content-hash = "86267bba2e76ce5c89fde2d76093daa5173d4f390a58b831b932b79ed96c3bd5"
